
Microsoft Visual Studio Solution File, Format Version 12.00
# Visual Studio 14
VisualStudioVersion = 14.0.24720.0
MinimumVisualStudioVersion = 10.0.40219.1
Project("{2150E333-8FDC-42A3-9474-1A3956D46DE8}") = "01UI", "01UI", "{BBB270AD-4B6D-49E9-AA92-AACE35766E67}"
EndProject
Project("{2150E333-8FDC-42A3-9474-1A3956D46DE8}") = "02BLL", "02BLL", "{846F9269-B553-4D73-94A5-B9A8066FCD19}"
EndProject
Project("{2150E333-8FDC-42A3-9474-1A3956D46DE8}") = "03DAL", "03DAL", "{6DA17F27-2BCD-4A45-A5DE-04584081B01A}"
EndProject
Project("{2150E333-8FDC-42A3-9474-1A3956D46DE8}") = "04COMM", "04COMM", "{6A5570B6-4247-4F83-A1E7-1FC7AB7F59E8}"
EndProject
Project("{FAE04EC0-301F-11D3-BF4B-00C04F79EFBC}") = "MyProjectBLL", "MyProjectBLL\MyProjectBLL.csproj", "{8AA3B7D2-FB56-4389-B45F-041E1740E610}"
EndProject
Project("{FAE04EC0-301F-11D3-BF4B-00C04F79EFBC}") = "MyProjectIBLL", "MyProjectIBLL\MyProjectIBLL.csproj", "{248B1DA4-4592-4147-B2C9-670D137BB701}"
EndProject
Project("{FAE04EC0-301F-11D3-BF4B-00C04F79EFBC}") = "MyProjectDAL", "MyProjectDAL\MyProjectDAL.csproj", "{F83AEE82-C987-4878-945B-611EDAD97076}"
EndProject
Project("{FAE04EC0-301F-11D3-BF4B-00C04F79EFBC}") = "MyProjectIDAL", "MyProjectIDAL\MyProjectIDAL.csproj", "{608C0CF7-9D4F-4A81-B825-536E1ED82E31}"
EndProject
Project("{FAE04EC0-301F-11D3-BF4B-00C04F79EFBC}") = "MyProjectUI", "MyProjectUI\MyProjectUI.csproj", "{85ADDA07-46D1-414F-9560-875FE036C83C}"
EndProject
Project("{FAE04EC0-301F-11D3-BF4B-00C04F79EFBC}") = "PoleDatalist", "PoleDatalist\PoleDatalist.csproj", "{BCDB7D88-2787-4B75-8BE6-5914CAB03DA6}"
EndProject
Global
	GlobalSection(SolutionConfigurationPlatforms) = preSolution
		Debug|Any CPU = Debug|Any CPU
		Release|Any CPU = Release|Any CPU
	EndGlobalSection
	GlobalSection(ProjectConfigurationPlatforms) = postSolution
		{8AA3B7D2-FB56-4389-B45F-041E1740E610}.Debug|Any CPU.ActiveCfg = Debug|Any CPU
		{8AA3B7D2-FB56-4389-B45F-041E1740E610}.Debug|Any CPU.Build.0 = Debug|Any CPU
		{8AA3B7D2-FB56-4389-B45F-041E1740E610}.Release|Any CPU.ActiveCfg = Release|Any CPU
		{8AA3B7D2-FB56-4389-B45F-041E1740E610}.Release|Any CPU.Build.0 = Release|Any CPU
		{248B1DA4-4592-4147-B2C9-670D137BB701}.Debug|Any CPU.ActiveCfg = Debug|Any CPU
		{248B1DA4-4592-4147-B2C9-670D137BB701}.Debug|Any CPU.Build.0 = Debug|Any CPU
		{248B1DA4-4592-4147-B2C9-670D137BB701}.Release|Any CPU.ActiveCfg = Release|Any CPU
		{248B1DA4-4592-4147-B2C9-670D137BB701}.Release|Any CPU.Build.0 = Release|Any CPU
		{F83AEE82-C987-4878-945B-611EDAD97076}.Debug|Any CPU.ActiveCfg = Debug|Any CPU
		{F83AEE82-C987-4878-945B-611EDAD97076}.Debug|Any CPU.Build.0 = Debug|Any CPU
		{F83AEE82-C987-4878-945B-611EDAD97076}.Release|Any CPU.ActiveCfg = Release|Any CPU
		{F83AEE82-C987-4878-945B-611EDAD97076}.Release|Any CPU.Build.0 = Release|Any CPU
		{608C0CF7-9D4F-4A81-B825-536E1ED82E31}.Debug|Any CPU.ActiveCfg = Debug|Any CPU
		{608C0CF7-9D4F-4A81-B825-536E1ED82E31}.Debug|Any CPU.Build.0 = Debug|Any CPU
		{608C0CF7-9D4F-4A81-B825-536E1ED82E31}.Release|Any CPU.ActiveCfg = Release|Any CPU
		{608C0CF7-9D4F-4A81-B825-536E1ED82E31}.Release|Any CPU.Build.0 = Release|Any CPU
		{85ADDA07-46D1-414F-9560-875FE036C83C}.Debug|Any CPU.ActiveCfg = Debug|Any CPU
		{85ADDA07-46D1-414F-9560-875FE036C83C}.Debug|Any CPU.Build.0 = Debug|Any CPU
		{85ADDA07-46D1-414F-9560-875FE036C83C}.Release|Any CPU.ActiveCfg = Release|Any CPU
		{85ADDA07-46D1-414F-9560-875FE036C83C}.Release|Any CPU.Build.0 = Release|Any CPU
		{BCDB7D88-2787-4B75-8BE6-5914CAB03DA6}.Debug|Any CPU.ActiveCfg = Debug|Any CPU
		{BCDB7D88-2787-4B75-8BE6-5914CAB03DA6}.Debug|Any CPU.Build.0 = Debug|Any CPU
		{BCDB7D88-2787-4B75-8BE6-5914CAB03DA6}.Release|Any CPU.ActiveCfg = Release|Any CPU
		{BCDB7D88-2787-4B75-8BE6-5914CAB03DA6}.Release|Any CPU.Build.0 = Release|Any CPU
	EndGlobalSection
	GlobalSection(SolutionProperties) = preSolution
		HideSolutionNode = FALSE
	EndGlobalSection
	GlobalSection(NestedProjects) = preSolution
		{8AA3B7D2-FB56-4389-B45F-041E1740E610} = {846F9269-B553-4D73-94A5-B9A8066FCD19}
		{248B1DA4-4592-4147-B2C9-670D137BB701} = {846F9269-B553-4D73-94A5-B9A8066FCD19}
		{F83AEE82-C987-4878-945B-611EDAD97076} = {6DA17F27-2BCD-4A45-A5DE-04584081B01A}
		{608C0CF7-9D4F-4A81-B825-536E1ED82E31} = {6DA17F27-2BCD-4A45-A5DE-04584081B01A}
		{85ADDA07-46D1-414F-9560-875FE036C83C} = {BBB270AD-4B6D-49E9-AA92-AACE35766E67}
		{BCDB7D88-2787-4B75-8BE6-5914CAB03DA6} = {6A5570B6-4247-4F83-A1E7-1FC7AB7F59E8}
	EndGlobalSection
EndGlobal
